// !$*UTF8*$!
{
	archiveVersion = 1;
	classes = {
	};
	objectVersion = 56;
	objects = {

/* Begin PBXBuildFile section */
		988C4CFB29DA9C9C00CC24EE /* LandmarksApp.swift in Sources */ = {isa = PBXBuildFile; fileRef = 988C4CFA29DA9C9C00CC24EE /* LandmarksApp.swift */; };
		988C4CFD29DA9C9C00CC24EE /* ContentView.swift in Sources */ = {isa = PBXBuildFile; fileRef = 988C4CFC29DA9C9C00CC24EE /* ContentView.swift */; };
		988C4CFF29DA9C9E00CC24EE /* Assets.xcassets in Resources */ = {isa = PBXBuildFile; fileRef = 988C4CFE29DA9C9E00CC24EE /* Assets.xcassets */; };
		988C4D0229DA9C9E00CC24EE /* Preview Assets.xcassets in Resources */ = {isa = PBXBuildFile; fileRef = 988C4D0129DA9C9E00CC24EE /* Preview Assets.xcassets */; };
		988C4D0A29DAA4A600CC24EE /* CircleImage.swift in Sources */ = {isa = PBXBuildFile; fileRef = 988C4D0929DAA4A600CC24EE /* CircleImage.swift */; };
		988C4D0C29DAA6B300CC24EE /* MapView.swift in Sources */ = {isa = PBXBuildFile; fileRef = 988C4D0B29DAA6B300CC24EE /* MapView.swift */; };
		988C4D0E29DAB67100CC24EE /* Landmark.swift in Sources */ = {isa = PBXBuildFile; fileRef = 988C4D0D29DAB67100CC24EE /* Landmark.swift */; };
		988C4D1029DAB6D300CC24EE /* landmarkData.json in Resources */ = {isa = PBXBuildFile; fileRef = 988C4D0F29DAB6D300CC24EE /* landmarkData.json */; };
		988C4D1429DAB86200CC24EE /* ModelData.swift in Sources */ = {isa = PBXBuildFile; fileRef = 988C4D1329DAB86200CC24EE /* ModelData.swift */; };
		988C4D1B29DAB9D500CC24EE /* LandmarkRow.swift in Sources */ = {isa = PBXBuildFile; fileRef = 988C4D1A29DAB9D500CC24EE /* LandmarkRow.swift */; };
		988C4D1F29DABD1E00CC24EE /* LandmarkList.swift in Sources */ = {isa = PBXBuildFile; fileRef = 988C4D1E29DABD1E00CC24EE /* LandmarkList.swift */; };
		988C4D2129DABF3D00CC24EE /* LandmarkDetail.swift in Sources */ = {isa = PBXBuildFile; fileRef = 988C4D2029DABF3D00CC24EE /* LandmarkDetail.swift */; };
/* End PBXBuildFile section */

/* Begin PBXFileReference section */
		988C4CF729DA9C9C00CC24EE /* Landmarks.app */ = {isa = PBXFileReference; explicitFileType = wrapper.application; includeInIndex = 0; path = Landmarks.app; sourceTree = BUILT_PRODUCTS_DIR; };
		988C4CFA29DA9C9C00CC24EE /* LandmarksApp.swift */ = {isa = PBXFileReference; lastKnownFileType = sourcecode.swift; path = LandmarksApp.swift; sourceTree = "<group>"; };
		988C4CFC29DA9C9C00CC24EE /* ContentView.swift */ = {isa = PBXFileReference; lastKnownFileType = sourcecode.swift; path = ContentView.swift; sourceTree = "<group>"; };
		988C4CFE29DA9C9E00CC24EE /* Assets.xcassets */ = {isa = PBXFileReference; lastKnownFileType = folder.assetcatalog; path = Assets.xcassets; sourceTree = "<group>"; };
		988C4D0129DA9C9E00CC24EE /* Preview Assets.xcassets */ = {isa = PBXFileReference; lastKnownFileType = folder.assetcatalog; path = "Preview Assets.xcassets"; sourceTree = "<group>"; };
		988C4D0929DAA4A600CC24EE /* CircleImage.swift */ = {isa = PBXFileReference; lastKnownFileType = sourcecode.swift; path = CircleImage.swift; sourceTree = "<group>"; };
		988C4D0B29DAA6B300CC24EE /* MapView.swift */ = {isa = PBXFileReference; lastKnownFileType = sourcecode.swift; path = MapView.swift; sourceTree = "<group>"; };
		988C4D0D29DAB67100CC24EE /* Landmark.swift */ = {isa = PBXFileReference; lastKnownFileType = sourcecode.swift; path = Landmark.swift; sourceTree = "<group>"; };
		988C4D0F29DAB6D300CC24EE /* landmarkData.json */ = {isa = PBXFileReference; fileEncoding = 4; lastKnownFileType = text.json; path = landmarkData.json; sourceTree = "<group>"; };
		988C4D1329DAB86200CC24EE /* ModelData.swift */ = {isa = PBXFileReference; lastKnownFileType = sourcecode.swift; path = ModelData.swift; sourceTree = "<group>"; };
		988C4D1A29DAB9D500CC24EE /* LandmarkRow.swift */ = {isa = PBXFileReference; lastKnownFileType = sourcecode.swift; name = LandmarkRow.swift; path = Landmarks/LandmarkRow.swift; sourceTree = SOURCE_ROOT; };
		988C4D1E29DABD1E00CC24EE /* LandmarkList.swift */ = {isa = PBXFileReference; lastKnownFileType = sourcecode.swift; path = LandmarkList.swift; sourceTree = "<group>"; };
		988C4D2029DABF3D00CC24EE /* LandmarkDetail.swift */ = {isa = PBXFileReference; lastKnownFileType = sourcecode.swift; path = LandmarkDetail.swift; sourceTree = "<group>"; };
/* End PBXFileReference section */

/* Begin PBXFrameworksBuildPhase section */
		988C4CF429DA9C9C00CC24EE /* Frameworks */ = {
			isa = PBXFrameworksBuildPhase;
			buildActionMask = 2147483647;
			files = (
			);
			runOnlyForDeploymentPostprocessing = 0;
		};
/* End PBXFrameworksBuildPhase section */

/* Begin PBXGroup section */
		988C4CEE29DA9C9C00CC24EE = {
			isa = PBXGroup;
			children = (
				988C4CF929DA9C9C00CC24EE /* Landmarks */,
				988C4CF829DA9C9C00CC24EE /* Products */,
			);
			sourceTree = "<group>";
		};
		988C4CF829DA9C9C00CC24EE /* Products */ = {
			isa = PBXGroup;
			children = (
				988C4CF729DA9C9C00CC24EE /* Landmarks.app */,
			);
			name = Products;
			sourceTree = "<group>";
		};
		988C4CF929DA9C9C00CC24EE /* Landmarks */ = {
			isa = PBXGroup;
			children = (
				988C4CFE29DA9C9E00CC24EE /* Assets.xcassets */,
				988C4CFA29DA9C9C00CC24EE /* LandmarksApp.swift */,
				988C4D1529DAB91500CC24EE /* Views */,
				988C4D1629DAB91C00CC24EE /* Model */,
				988C4D1729DAB92400CC24EE /* Resources */,
				988C4D0029DA9C9E00CC24EE /* Preview Content */,
			);
			path = Landmarks;
			sourceTree = "<group>";
		};
		988C4D0029DA9C9E00CC24EE /* Preview Content */ = {
			isa = PBXGroup;
			children = (
				988C4D0129DA9C9E00CC24EE /* Preview Assets.xcassets */,
			);
			path = "Preview Content";
			sourceTree = "<group>";
		};
		988C4D1529DAB91500CC24EE /* Views */ = {
			isa = PBXGroup;
			children = (
				988C4D1A29DAB9D500CC24EE /* LandmarkRow.swift */,
				988C4CFC29DA9C9C00CC24EE /* ContentView.swift */,
				988C4D0B29DAA6B300CC24EE /* MapView.swift */,
				988C4D0929DAA4A600CC24EE /* CircleImage.swift */,
				988C4D1E29DABD1E00CC24EE /* LandmarkList.swift */,
				988C4D2029DABF3D00CC24EE /* LandmarkDetail.swift */,
			);
			path = Views;
			sourceTree = "<group>";
		};
		988C4D1629DAB91C00CC24EE /* Model */ = {
			isa = PBXGroup;
			children = (
				988C4D0D29DAB67100CC24EE /* Landmark.swift */,
				988C4D1329DAB86200CC24EE /* ModelData.swift */,
			);
			path = Model;
			sourceTree = "<group>";
		};
		988C4D1729DAB92400CC24EE /* Resources */ = {
			isa = PBXGroup;
			children = (
				988C4D0F29DAB6D300CC24EE /* landmarkData.json */,
			);
			path = Resources;
			sourceTree = "<group>";
		};
/* End PBXGroup section */

/* Begin PBXNativeTarget section */
		988C4CF629DA9C9C00CC24EE /* Landmarks */ = {
			isa = PBXNativeTarget;
			buildConfigurationList = 988C4D0529DA9C9E00CC24EE /* Build configuration list for PBXNativeTarget "Landmarks" */;
			buildPhases = (
				988C4CF329DA9C9C00CC24EE /* Sources */,
				988C4CF429DA9C9C00CC24EE /* Frameworks */,
				988C4CF529DA9C9C00CC24EE /* Resources */,
			);
			buildRules = (
			);
			dependencies = (
			);
			name = Landmarks;
			productName = Landmarks;
			productReference = 988C4CF729DA9C9C00CC24EE /* Landmarks.app */;
			productType = "com.apple.product-type.application";
		};
/* End PBXNativeTarget section */

/* Begin PBXProject section */
		988C4CEF29DA9C9C00CC24EE /* Project object */ = {
			isa = PBXProject;
			attributes = {
				BuildIndependentTargetsInParallel = 1;
				LastSwiftUpdateCheck = 1420;
				LastUpgradeCheck = 1420;
				TargetAttributes = {
					988C4CF629DA9C9C00CC24EE = {
						CreatedOnToolsVersion = 14.2;
					};
				};
			};
			buildConfigurationList = 988C4CF229DA9C9C00CC24EE /* Build configuration list for PBXProject "Landmarks" */;
			compatibilityVersion = "Xcode 14.0";
			developmentRegion = en;
			hasScannedForEncodings = 0;
			knownRegions = (
				en,
				Base,
			);
			mainGroup = 988C4CEE29DA9C9C00CC24EE;
			productRefGroup = 988C4CF829DA9C9C00CC24EE /* Products */;
			projectDirPath = "";
			projectRoot = "";
			targets = (
				988C4CF629DA9C9C00CC24EE /* Landmarks */,
			);
		};
/* End PBXProject section */

/* Begin PBXResourcesBuildPhase section */
		988C4CF529DA9C9C00CC24EE /* Resources */ = {
			isa = PBXResourcesBuildPhase;
			buildActionMask = 2147483647;
			files = (
				988C4D0229DA9C9E00CC24EE /* Preview Assets.xcassets in Resources */,
				988C4CFF29DA9C9E00CC24EE /* Assets.xcassets in Resources */,
				988C4D1029DAB6D300CC24EE /* landmarkData.json in Resources */,
			);
			runOnlyForDeploymentPostprocessing = 0;
		};
/* End PBXResourcesBuildPhase section */

/* Begin PBXSourcesBuildPhase section */
		988C4CF329DA9C9C00CC24EE /* Sources */ = {
			isa = PBXSourcesBuildPhase;
			buildActionMask = 2147483647;
			files = (
				988C4CFD29DA9C9C00CC24EE /* ContentView.swift in Sources */,
				988C4D0C29DAA6B300CC24EE /* MapView.swift in Sources */,
				988C4CFB29DA9C9C00CC24EE /* LandmarksApp.swift in Sources */,
				988C4D1F29DABD1E00CC24EE /* LandmarkList.swift in Sources */,
				988C4D2129DABF3D00CC24EE /* LandmarkDetail.swift in Sources */,
				988C4D0A29DAA4A600CC24EE /* CircleImage.swift in Sources */,
				988C4D0E29DAB67100CC24EE /* Landmark.swift in Sources */,
				988C4D1B29DAB9D500CC24EE /* LandmarkRow.swift in Sources */,
				988C4D1429DAB86200CC24EE /* ModelData.swift in Sources */,
			);
			runOnlyForDeploymentPostprocessing = 0;
		};
/* End PBXSourcesBuildPhase section */

/* Begin XCBuildConfiguration section */
		988C4D0329DA9C9E00CC24EE /* Debug */ = {
			isa = XCBuildConfiguration;
			buildSettings = {
				ALWAYS_SEARCH_USER_PATHS = NO;
				CLANG_ANALYZER_NONNULL = YES;
				CLANG_ANALYZER_NUMBER_OBJECT_CONVERSION = YES_AGGRESSIVE;
				CLANG_CXX_LANGUAGE_STANDARD = "gnu++20";
				CLANG_ENABLE_MODULES = YES;
				CLANG_ENABLE_OBJC_ARC = YES;
				CLANG_ENABLE_OBJC_WEAK = YES;
				CLANG_WARN_BLOCK_CAPTURE_AUTORELEASING = YES;
				CLANG_WARN_BOOL_CONVERSION = YES;
				CLANG_WARN_COMMA = YES;
				CLANG_WARN_CONSTANT_CONVERSION = YES;
				CLANG_WARN_DEPRECATED_OBJC_IMPLEMENTATIONS = YES;
				CLANG_WARN_DIRECT_OBJC_ISA_USAGE = YES_ERROR;
				CLANG_WARN_DOCUMENTATION_COMMENTS = YES;
				CLANG_WARN_EMPTY_BODY = YES;
				CLANG_WARN_ENUM_CONVERSION = YES;
				CLANG_WARN_INFINITE_RECURSION = YES;
				CLANG_WARN_INT_CONVERSION = YES;
				CLANG_WARN_NON_LITERAL_NULL_CONVERSION = YES;
				CLANG_WARN_OBJC_IMPLICIT_RETAIN_SELF = YES;
				CLANG_WARN_OBJC_LITERAL_CONVERSION = YES;
				CLANG_WARN_OBJC_ROOT_CLASS = YES_ERROR;
				CLANG_WARN_QUOTED_INCLUDE_IN_FRAMEWORK_HEADER = YES;
				CLANG_WARN_RANGE_LOOP_ANALYSIS = YES;
				CLANG_WARN_STRICT_PROTOTYPES = YES;
				CLANG_WARN_SUSPICIOUS_MOVE = YES;
				CLANG_WARN_UNGUARDED_AVAILABILITY = YES_AGGRESSIVE;
				CLANG_WARN_UNREACHABLE_CODE = YES;
				CLANG_WARN__DUPLICATE_METHOD_MATCH = YES;
				COPY_PHASE_STRIP = NO;
				DEBUG_INFORMATION_FORMAT = dwarf;
				ENABLE_STRICT_OBJC_MSGSEND = YES;
				ENABLE_TESTABILITY = YES;
				GCC_C_LANGUAGE_STANDARD = gnu11;
				GCC_DYNAMIC_NO_PIC = NO;
				GCC_NO_COMMON_BLOCKS = YES;
				GCC_OPTIMIZATION_LEVEL = 0;
				GCC_PREPROCESSOR_DEFINITIONS = (
					"DEBUG=1",
					"$(inherited)",
				);
				GCC_WARN_64_TO_32_BIT_CONVERSION = YES;
				GCC_WARN_ABOUT_RETURN_TYPE = YES_ERROR;
				GCC_WARN_UNDECLARED_SELECTOR = YES;
				GCC_WARN_UNINITIALIZED_AUTOS = YES_AGGRESSIVE;
				GCC_WARN_UNUSED_FUNCTION = YES;
				GCC_WARN_UNUSED_VARIABLE = YES;
				IPHONEOS_DEPLOYMENT_TARGET = 16.2;
				MTL_ENABLE_DEBUG_INFO = INCLUDE_SOURCE;
				MTL_FAST_MATH = YES;
				ONLY_ACTIVE_ARCH = YES;
				SDKROOT = iphoneos;
				SWIFT_ACTIVE_COMPILATION_CONDITIONS = DEBUG;
				SWIFT_OPTIMIZATION_LEVEL = "-Onone";
			};
			name = Debug;
		};
		988C4D0429DA9C9E00CC24EE /* Release */ = {
			isa = XCBuildConfiguration;
			buildSettings = {
				ALWAYS_SEARCH_USER_PATHS = NO;
				CLANG_ANALYZER_NONNULL = YES;
				CLANG_ANALYZER_NUMBER_OBJECT_CONVERSION = YES_AGGRESSIVE;
				CLANG_CXX_LANGUAGE_STANDARD = "gnu++20";
				CLANG_ENABLE_MODULES = YES;
				CLANG_ENABLE_OBJC_ARC = YES;
				CLANG_ENABLE_OBJC_WEAK = YES;
				CLANG_WARN_BLOCK_CAPTURE_AUTORELEASING = YES;
				CLANG_WARN_BOOL_CONVERSION = YES;
				CLANG_WARN_COMMA = YES;
				CLANG_WARN_CONSTANT_CONVERSION = YES;
				CLANG_WARN_DEPRECATED_OBJC_IMPLEMENTATIONS = YES;
				CLANG_WARN_DIRECT_OBJC_ISA_USAGE = YES_ERROR;
				CLANG_WARN_DOCUMENTATION_COMMENTS = YES;
				CLANG_WARN_EMPTY_BODY = YES;
				CLANG_WARN_ENUM_CONVERSION = YES;
				CLANG_WARN_INFINITE_RECURSION = YES;
				CLANG_WARN_INT_CONVERSION = YES;
				CLANG_WARN_NON_LITERAL_NULL_CONVERSION = YES;
				CLANG_WARN_OBJC_IMPLICIT_RETAIN_SELF = YES;
				CLANG_WARN_OBJC_LITERAL_CONVERSION = YES;
				CLANG_WARN_OBJC_ROOT_CLASS = YES_ERROR;
				CLANG_WARN_QUOTED_INCLUDE_IN_FRAMEWORK_HEADER = YES;
				CLANG_WARN_RANGE_LOOP_ANALYSIS = YES;
				CLANG_WARN_STRICT_PROTOTYPES = YES;
				CLANG_WARN_SUSPICIOUS_MOVE = YES;
				CLANG_WARN_UNGUARDED_AVAILABILITY = YES_AGGRESSIVE;
				CLANG_WARN_UNREACHABLE_CODE = YES;
				CLANG_WARN__DUPLICATE_METHOD_MATCH = YES;
				COPY_PHASE_STRIP = NO;
				DEBUG_INFORMATION_FORMAT = "dwarf-with-dsym";
				ENABLE_NS_ASSERTIONS = NO;
				ENABLE_STRICT_OBJC_MSGSEND = YES;
				GCC_C_LANGUAGE_STANDARD = gnu11;
				GCC_NO_COMMON_BLOCKS = YES;
				GCC_WARN_64_TO_32_BIT_CONVERSION = YES;
				GCC_WARN_ABOUT_RETURN_TYPE = YES_ERROR;
				GCC_WARN_UNDECLARED_SELECTOR = YES;
				GCC_WARN_UNINITIALIZED_AUTOS = YES_AGGRESSIVE;
				GCC_WARN_UNUSED_FUNCTION = YES;
				GCC_WARN_UNUSED_VARIABLE = YES;
				IPHONEOS_DEPLOYMENT_TARGET = 16.2;
				MTL_ENABLE_DEBUG_INFO = NO;
				MTL_FAST_MATH = YES;
				SDKROOT = iphoneos;
				SWIFT_COMPILATION_MODE = wholemodule;
				SWIFT_OPTIMIZATION_LEVEL = "-O";
				VALIDATE_PRODUCT = YES;
			};
			name = Release;
		};
		988C4D0629DA9C9E00CC24EE /* Debug */ = {
			isa = XCBuildConfiguration;
			buildSettings = {
				ASSETCATALOG_COMPILER_APPICON_NAME = AppIcon;
				ASSETCATALOG_COMPILER_GLOBAL_ACCENT_COLOR_NAME = AccentColor;
				CODE_SIGN_STYLE = Automatic;
				CURRENT_PROJECT_VERSION = 1;
				DEVELOPMENT_ASSET_PATHS = "\"Landmarks/Preview Content\"";
				ENABLE_PREVIEWS = YES;
				GENERATE_INFOPLIST_FILE = YES;
				INFOPLIST_KEY_UIApplicationSceneManifest_Generation = YES;
				INFOPLIST_KEY_UIApplicationSupportsIndirectInputEvents = YES;
				INFOPLIST_KEY_UILaunchScreen_Generation = YES;
				INFOPLIST_KEY_UISupportedInterfaceOrientations_iPad = "UIInterfaceOrientationPortrait UIInterfaceOrientationPortraitUpsideDown UIInterfaceOrientationLandscapeLeft UIInterfaceOrientationLandscapeRight";
				INFOPLIST_KEY_UISupportedInterfaceOrientations_iPhone = "UIInterfaceOrientationPortrait UIInterfaceOrientationLandscapeLeft UIInterfaceOrientationLandscapeRight";
				LD_RUNPATH_SEARCH_PATHS = (
					"$(inherited)",
					"@executable_path/Frameworks",
				);
				MARKETING_VERSION = 1.0;
				PRODUCT_BUNDLE_IDENTIFIER = com.taehwan.Landmarks;
				PRODUCT_NAME = "$(TARGET_NAME)";
				SWIFT_EMIT_LOC_STRINGS = YES;
				SWIFT_VERSION = 5.0;
				TARGETED_DEVICE_FAMILY = "1,2";
			};
			name = Debug;
		};
		988C4D0729DA9C9E00CC24EE /* Release */ = {
			isa = XCBuildConfiguration;
			buildSettings = {
				ASSETCATALOG_COMPILER_APPICON_NAME = AppIcon;
				ASSETCATALOG_COMPILER_GLOBAL_ACCENT_COLOR_NAME = AccentColor;
				CODE_SIGN_STYLE = Automatic;
				CURRENT_PROJECT_VERSION = 1;
				DEVELOPMENT_ASSET_PATHS = "\"Landmarks/Preview Content\"";
				ENABLE_PREVIEWS = YES;
				GENERATE_INFOPLIST_FILE = YES;
				INFOPLIST_KEY_UIApplicationSceneManifest_Generation = YES;
				INFOPLIST_KEY_UIApplicationSupportsIndirectInputEvents = YES;
				INFOPLIST_KEY_UILaunchScreen_Generation = YES;
				INFOPLIST_KEY_UISupportedInterfaceOrientations_iPad = "UIInterfaceOrientationPortrait UIInterfaceOrientationPortraitUpsideDown UIInterfaceOrientationLandscapeLeft UIInterfaceOrientationLandscapeRight";
				INFOPLIST_KEY_UISupportedInterfaceOrientations_iPhone = "UIInterfaceOrientationPortrait UIInterfaceOrientationLandscapeLeft UIInterfaceOrientationLandscapeRight";
				LD_RUNPATH_SEARCH_PATHS = (
					"$(inherited)",
					"@executable_path/Frameworks",
				);
				MARKETING_VERSION = 1.0;
				PRODUCT_BUNDLE_IDENTIFIER = com.taehwan.Landmarks;
				PRODUCT_NAME = "$(TARGET_NAME)";
				SWIFT_EMIT_LOC_STRINGS = YES;
				SWIFT_VERSION = 5.0;
				TARGETED_DEVICE_FAMILY = "1,2";
			};
			name = Release;
		};
/* End XCBuildConfiguration section */

/* Begin XCConfigurationList section */
		988C4CF229DA9C9C00CC24EE /* Build configuration list for PBXProject "Landmarks" */ = {
			isa = XCConfigurationList;
			buildConfigurations = (
				988C4D0329DA9C9E00CC24EE /* Debug */,
				988C4D0429DA9C9E00CC24EE /* Release */,
			);
			defaultConfigurationIsVisible = 0;
			defaultConfigurationName = Release;
		};
		988C4D0529DA9C9E00CC24EE /* Build configuration list for PBXNativeTarget "Landmarks" */ = {
			isa = XCConfigurationList;
			buildConfigurations = (
				988C4D0629DA9C9E00CC24EE /* Debug */,
				988C4D0729DA9C9E00CC24EE /* Release */,
			);
			defaultConfigurationIsVisible = 0;
			defaultConfigurationName = Release;
		};
/* End XCConfigurationList section */
	};
	rootObject = 988C4CEF29DA9C9C00CC24EE /* Project object */;
}
